
Microsoft Visual Studio Solution File, Format Version 12.00
# Visual Studio Version 17
VisualStudioVersion = 17.14.36705.20 d17.14
MinimumVisualStudioVersion = 10.0.40219.1
Project("{8BC9CEB8-8B4A-11D0-8D11-00A0C91BC942}") = "Alg2_test", "Alg2_test\Alg2_test.vcxproj", "{848AD854-74AD-47B1-8A89-9A8F26BB86EE}"
EndProject
Global
	GlobalSection(SolutionConfigurationPlatforms) = preSolution
		Debug|x64 = Debug|x64
		Debug|x86 = Debug|x86
		Release|x64 = Release|x64
		Release|x86 = Release|x86
	EndGlobalSection
	GlobalSection(ProjectConfigurationPlatforms) = postSolution
		{848AD854-74AD-47B1-8A89-9A8F26BB86EE}.Debug|x64.ActiveCfg = Debug|x64
		{848AD854-74AD-47B1-8A89-9A8F26BB86EE}.Debug|x64.Build.0 = Debug|x64
		{848AD854-74AD-47B1-8A89-9A8F26BB86EE}.Debug|x86.ActiveCfg = Debug|Win32
		{848AD854-74AD-47B1-8A89-9A8F26BB86EE}.Debug|x86.Build.0 = Debug|Win32
		{848AD854-74AD-47B1-8A89-9A8F26BB86EE}.Release|x64.ActiveCfg = Release|x64
		{848AD854-74AD-47B1-8A89-9A8F26BB86EE}.Release|x64.Build.0 = Release|x64
		{848AD854-74AD-47B1-8A89-9A8F26BB86EE}.Release|x86.ActiveCfg = Release|Win32
		{848AD854-74AD-47B1-8A89-9A8F26BB86EE}.Release|x86.Build.0 = Release|Win32
	EndGlobalSection
	GlobalSection(SolutionProperties) = preSolution
		HideSolutionNode = FALSE
	EndGlobalSection
	GlobalSection(ExtensibilityGlobals) = postSolution
		SolutionGuid = {96192DC2-C640-4520-80AD-58F3E863BFAC}
	EndGlobalSection
EndGlobal
